
Microsoft Visual Studio Solution File, Format Version 12.00
# Visual Studio Version 16
VisualStudioVersion = 16.0.809.10
MinimumVisualStudioVersion = 10.0.40219.1
Project("{FAE04EC0-301F-11D3-BF4B-00C04F79EFBC}") = "MethodOverride", "MethodOverride\MethodOverride.csproj", "{01642175-9858-4A9E-BD4D-1A84F0005A11}"
EndProject
Global
	GlobalSection(SolutionConfigurationPlatforms) = preSolution
		Debug|Any CPU = Debug|Any CPU
		Release|Any CPU = Release|Any CPU
	EndGlobalSection
	GlobalSection(ProjectConfigurationPlatforms) = postSolution
		{01642175-9858-4A9E-BD4D-1A84F0005A11}.Debug|Any CPU.ActiveCfg = Debug|Any CPU
		{01642175-9858-4A9E-BD4D-1A84F0005A11}.Debug|Any CPU.Build.0 = Debug|Any CPU
		{01642175-9858-4A9E-BD4D-1A84F0005A11}.Release|Any CPU.ActiveCfg = Release|Any CPU
		{01642175-9858-4A9E-BD4D-1A84F0005A11}.Release|Any CPU.Build.0 = Release|Any CPU
	EndGlobalSection
	GlobalSection(SolutionProperties) = preSolution
		HideSolutionNode = FALSE
	EndGlobalSection
	GlobalSection(ExtensibilityGlobals) = postSolution
		SolutionGuid = {ECA8967E-6E38-4930-85D4-7671A0290D66}
	EndGlobalSection
EndGlobal
